
Microsoft Visual Studio Solution File, Format Version 12.00
# Visual Studio Version 16
VisualStudioVersion = 16.0.30114.105
MinimumVisualStudioVersion = 10.0.40219.1
Project("{FAE04EC0-301F-11D3-BF4B-00C04F79EFBC}") = "API", "API\API.csproj", "{D1F8C540-5FAF-4CE0-885F-B11666177312}"
EndProject
Project("{FAE04EC0-301F-11D3-BF4B-00C04F79EFBC}") = "Application", "Application\Application.csproj", "{990FB822-1458-4941-B126-B939191E20D0}"
EndProject
Project("{FAE04EC0-301F-11D3-BF4B-00C04F79EFBC}") = "Persistence", "Persistence\Persistence.csproj", "{6EA058BA-0A3D-4533-B854-863A1561A28D}"
EndProject
Global
	GlobalSection(SolutionConfigurationPlatforms) = preSolution
		Debug|Any CPU = Debug|Any CPU
		Release|Any CPU = Release|Any CPU
	EndGlobalSection
	GlobalSection(SolutionProperties) = preSolution
		HideSolutionNode = FALSE
	EndGlobalSection
	GlobalSection(ProjectConfigurationPlatforms) = postSolution
		{D1F8C540-5FAF-4CE0-885F-B11666177312}.Debug|Any CPU.ActiveCfg = Debug|Any CPU
		{D1F8C540-5FAF-4CE0-885F-B11666177312}.Debug|Any CPU.Build.0 = Debug|Any CPU
		{D1F8C540-5FAF-4CE0-885F-B11666177312}.Release|Any CPU.ActiveCfg = Release|Any CPU
		{D1F8C540-5FAF-4CE0-885F-B11666177312}.Release|Any CPU.Build.0 = Release|Any CPU
		{990FB822-1458-4941-B126-B939191E20D0}.Debug|Any CPU.ActiveCfg = Debug|Any CPU
		{990FB822-1458-4941-B126-B939191E20D0}.Debug|Any CPU.Build.0 = Debug|Any CPU
		{990FB822-1458-4941-B126-B939191E20D0}.Release|Any CPU.ActiveCfg = Release|Any CPU
		{990FB822-1458-4941-B126-B939191E20D0}.Release|Any CPU.Build.0 = Release|Any CPU
		{6EA058BA-0A3D-4533-B854-863A1561A28D}.Debug|Any CPU.ActiveCfg = Debug|Any CPU
		{6EA058BA-0A3D-4533-B854-863A1561A28D}.Debug|Any CPU.Build.0 = Debug|Any CPU
		{6EA058BA-0A3D-4533-B854-863A1561A28D}.Release|Any CPU.ActiveCfg = Release|Any CPU
		{6EA058BA-0A3D-4533-B854-863A1561A28D}.Release|Any CPU.Build.0 = Release|Any CPU
	EndGlobalSection
EndGlobal
